
Microsoft Visual Studio Solution File, Format Version 12.00
# Visual Studio Version 17
VisualStudioVersion = 17.3.32922.545
MinimumVisualStudioVersion = 10.0.40219.1
Project("{8BC9CEB8-8B4A-11D0-8D11-00A0C91BC942}") = "Assignment 1- Hotel Billing", "Assignment 1- Hotel Billing\Assignment 1- Hotel Billing.vcxproj", "{2254CDD7-CBE0-4064-8B83-7B009CBC4563}"
EndProject
Global
	GlobalSection(SolutionConfigurationPlatforms) = preSolution
		Debug|x64 = Debug|x64
		Debug|x86 = Debug|x86
		Release|x64 = Release|x64
		Release|x86 = Release|x86
	EndGlobalSection
	GlobalSection(ProjectConfigurationPlatforms) = postSolution
		{2254CDD7-CBE0-4064-8B83-7B009CBC4563}.Debug|x64.ActiveCfg = Debug|x64
		{2254CDD7-CBE0-4064-8B83-7B009CBC4563}.Debug|x64.Build.0 = Debug|x64
		{2254CDD7-CBE0-4064-8B83-7B009CBC4563}.Debug|x86.ActiveCfg = Debug|Win32
		{2254CDD7-CBE0-4064-8B83-7B009CBC4563}.Debug|x86.Build.0 = Debug|Win32
		{2254CDD7-CBE0-4064-8B83-7B009CBC4563}.Release|x64.ActiveCfg = Release|x64
		{2254CDD7-CBE0-4064-8B83-7B009CBC4563}.Release|x64.Build.0 = Release|x64
		{2254CDD7-CBE0-4064-8B83-7B009CBC4563}.Release|x86.ActiveCfg = Release|Win32
		{2254CDD7-CBE0-4064-8B83-7B009CBC4563}.Release|x86.Build.0 = Release|Win32
	EndGlobalSection
	GlobalSection(SolutionProperties) = preSolution
		HideSolutionNode = FALSE
	EndGlobalSection
	GlobalSection(ExtensibilityGlobals) = postSolution
		SolutionGuid = {CF6F5D3F-C34D-4C53-8D29-64AB8E71642B}
	EndGlobalSection
EndGlobal
